
Microsoft Visual Studio Solution File, Format Version 12.00
# Visual Studio 15
VisualStudioVersion = 15.0.27004.2008
MinimumVisualStudioVersion = 10.0.40219.1
Project("{FAE04EC0-301F-11D3-BF4B-00C04F79EFBC}") = "Coladera de Eratostenes", "Coladera de Eratostenes\Coladera de Eratostenes.csproj", "{FB1669CC-BFA5-4C12-AB50-D174EE4BBF24}"
EndProject
Global
	GlobalSection(SolutionConfigurationPlatforms) = preSolution
		Debug|Any CPU = Debug|Any CPU
		Release|Any CPU = Release|Any CPU
	EndGlobalSection
	GlobalSection(ProjectConfigurationPlatforms) = postSolution
		{FB1669CC-BFA5-4C12-AB50-D174EE4BBF24}.Debug|Any CPU.ActiveCfg = Debug|Any CPU
		{FB1669CC-BFA5-4C12-AB50-D174EE4BBF24}.Debug|Any CPU.Build.0 = Debug|Any CPU
		{FB1669CC-BFA5-4C12-AB50-D174EE4BBF24}.Release|Any CPU.ActiveCfg = Release|Any CPU
		{FB1669CC-BFA5-4C12-AB50-D174EE4BBF24}.Release|Any CPU.Build.0 = Release|Any CPU
	EndGlobalSection
	GlobalSection(SolutionProperties) = preSolution
		HideSolutionNode = FALSE
	EndGlobalSection
	GlobalSection(ExtensibilityGlobals) = postSolution
		SolutionGuid = {F795FE58-E0CC-4E84-8E4A-720E7AAAF680}
	EndGlobalSection
EndGlobal
