
Microsoft Visual Studio Solution File, Format Version 12.00
# Visual Studio 15
VisualStudioVersion = 15.0.27004.2008
MinimumVisualStudioVersion = 10.0.40219.1
Project("{FAE04EC0-301F-11D3-BF4B-00C04F79EFBC}") = "Catalogo", "Catalogo\Catalogo.csproj", "{765B2758-EA08-4E63-869A-BA5D48AE6043}"
EndProject
Global
	GlobalSection(SolutionConfigurationPlatforms) = preSolution
		Debug|Any CPU = Debug|Any CPU
		Release|Any CPU = Release|Any CPU
	EndGlobalSection
	GlobalSection(ProjectConfigurationPlatforms) = postSolution
		{765B2758-EA08-4E63-869A-BA5D48AE6043}.Debug|Any CPU.ActiveCfg = Debug|Any CPU
		{765B2758-EA08-4E63-869A-BA5D48AE6043}.Debug|Any CPU.Build.0 = Debug|Any CPU
		{765B2758-EA08-4E63-869A-BA5D48AE6043}.Release|Any CPU.ActiveCfg = Release|Any CPU
		{765B2758-EA08-4E63-869A-BA5D48AE6043}.Release|Any CPU.Build.0 = Release|Any CPU
	EndGlobalSection
	GlobalSection(SolutionProperties) = preSolution
		HideSolutionNode = FALSE
	EndGlobalSection
	GlobalSection(ExtensibilityGlobals) = postSolution
		SolutionGuid = {8FCEFC15-1647-44E3-83AE-19B3BA231A89}
	EndGlobalSection
EndGlobal
