
Microsoft Visual Studio Solution File, Format Version 12.00
# Visual Studio 15
VisualStudioVersion = 15.0.27428.2037
MinimumVisualStudioVersion = 10.0.40219.1
Project("{FAE04EC0-301F-11D3-BF4B-00C04F79EFBC}") = "Procesos Circulares", "Procesos Circulares\Procesos Circulares.csproj", "{3A060F2E-4AEB-40AE-85CE-6A1E30FB544E}"
EndProject
Global
	GlobalSection(SolutionConfigurationPlatforms) = preSolution
		Debug|Any CPU = Debug|Any CPU
		Release|Any CPU = Release|Any CPU
	EndGlobalSection
	GlobalSection(ProjectConfigurationPlatforms) = postSolution
		{3A060F2E-4AEB-40AE-85CE-6A1E30FB544E}.Debug|Any CPU.ActiveCfg = Debug|Any CPU
		{3A060F2E-4AEB-40AE-85CE-6A1E30FB544E}.Debug|Any CPU.Build.0 = Debug|Any CPU
		{3A060F2E-4AEB-40AE-85CE-6A1E30FB544E}.Release|Any CPU.ActiveCfg = Release|Any CPU
		{3A060F2E-4AEB-40AE-85CE-6A1E30FB544E}.Release|Any CPU.Build.0 = Release|Any CPU
	EndGlobalSection
	GlobalSection(SolutionProperties) = preSolution
		HideSolutionNode = FALSE
	EndGlobalSection
	GlobalSection(ExtensibilityGlobals) = postSolution
		SolutionGuid = {E6326822-E86A-4D02-B251-D7B3AF3739B6}
	EndGlobalSection
EndGlobal
